
Microsoft Visual Studio Solution File, Format Version 12.00
# Visual Studio Version 16
VisualStudioVersion = 16.0.29020.237
MinimumVisualStudioVersion = 10.0.40219.1
Project("{8BC9CEB8-8B4A-11D0-8D11-00A0C91BC942}") = "NNBinaryDecoder", "NNBinaryDecoder\NNBinaryDecoder.vcxproj", "{985EBFF4-D35C-4A9C-B7F2-CE6B97577235}"
EndProject
Global
	GlobalSection(SolutionConfigurationPlatforms) = preSolution
		Debug|x64 = Debug|x64
		Debug|x86 = Debug|x86
		Release|x64 = Release|x64
		Release|x86 = Release|x86
	EndGlobalSection
	GlobalSection(ProjectConfigurationPlatforms) = postSolution
		{985EBFF4-D35C-4A9C-B7F2-CE6B97577235}.Debug|x64.ActiveCfg = Debug|x64
		{985EBFF4-D35C-4A9C-B7F2-CE6B97577235}.Debug|x64.Build.0 = Debug|x64
		{985EBFF4-D35C-4A9C-B7F2-CE6B97577235}.Debug|x86.ActiveCfg = Debug|Win32
		{985EBFF4-D35C-4A9C-B7F2-CE6B97577235}.Debug|x86.Build.0 = Debug|Win32
		{985EBFF4-D35C-4A9C-B7F2-CE6B97577235}.Release|x64.ActiveCfg = Release|x64
		{985EBFF4-D35C-4A9C-B7F2-CE6B97577235}.Release|x64.Build.0 = Release|x64
		{985EBFF4-D35C-4A9C-B7F2-CE6B97577235}.Release|x86.ActiveCfg = Release|Win32
		{985EBFF4-D35C-4A9C-B7F2-CE6B97577235}.Release|x86.Build.0 = Release|Win32
	EndGlobalSection
	GlobalSection(SolutionProperties) = preSolution
		HideSolutionNode = FALSE
	EndGlobalSection
	GlobalSection(ExtensibilityGlobals) = postSolution
		SolutionGuid = {BF696C64-6DBD-4C48-8E56-0AB614B99DBB}
	EndGlobalSection
EndGlobal
